
Microsoft Visual Studio Solution File, Format Version 12.00
# Visual Studio Version 17
VisualStudioVersion = 17.7.34031.279
MinimumVisualStudioVersion = 10.0.40219.1
Project("{FAE04EC0-301F-11D3-BF4B-00C04F79EFBC}") = "Zero Hungerv2", "Zero Hungerv2\Zero Hungerv2.csproj", "{1A609035-17F4-4F4F-820E-47B85DEE83A8}"
EndProject
Global
	GlobalSection(SolutionConfigurationPlatforms) = preSolution
		Debug|Any CPU = Debug|Any CPU
		Release|Any CPU = Release|Any CPU
	EndGlobalSection
	GlobalSection(ProjectConfigurationPlatforms) = postSolution
		{1A609035-17F4-4F4F-820E-47B85DEE83A8}.Debug|Any CPU.ActiveCfg = Debug|Any CPU
		{1A609035-17F4-4F4F-820E-47B85DEE83A8}.Debug|Any CPU.Build.0 = Debug|Any CPU
		{1A609035-17F4-4F4F-820E-47B85DEE83A8}.Release|Any CPU.ActiveCfg = Release|Any CPU
		{1A609035-17F4-4F4F-820E-47B85DEE83A8}.Release|Any CPU.Build.0 = Release|Any CPU
	EndGlobalSection
	GlobalSection(SolutionProperties) = preSolution
		HideSolutionNode = FALSE
	EndGlobalSection
	GlobalSection(ExtensibilityGlobals) = postSolution
		SolutionGuid = {1AC720BE-7600-4408-92D6-B586562CB199}
	EndGlobalSection
EndGlobal
