
Microsoft Visual Studio Solution File, Format Version 12.00
# Visual Studio Version 17
VisualStudioVersion = 17.7.34031.279
MinimumVisualStudioVersion = 10.0.40219.1
Project("{FAE04EC0-301F-11D3-BF4B-00C04F79EFBC}") = "crud", "crud\crud.csproj", "{C916163B-C641-4474-982F-5A2D649EB845}"
EndProject
Global
	GlobalSection(SolutionConfigurationPlatforms) = preSolution
		Debug|Any CPU = Debug|Any CPU
		Release|Any CPU = Release|Any CPU
	EndGlobalSection
	GlobalSection(ProjectConfigurationPlatforms) = postSolution
		{C916163B-C641-4474-982F-5A2D649EB845}.Debug|Any CPU.ActiveCfg = Debug|Any CPU
		{C916163B-C641-4474-982F-5A2D649EB845}.Debug|Any CPU.Build.0 = Debug|Any CPU
		{C916163B-C641-4474-982F-5A2D649EB845}.Release|Any CPU.ActiveCfg = Release|Any CPU
		{C916163B-C641-4474-982F-5A2D649EB845}.Release|Any CPU.Build.0 = Release|Any CPU
	EndGlobalSection
	GlobalSection(SolutionProperties) = preSolution
		HideSolutionNode = FALSE
	EndGlobalSection
	GlobalSection(ExtensibilityGlobals) = postSolution
		SolutionGuid = {95FCEA38-58C7-4D84-9D53-8B9C93D2F575}
	EndGlobalSection
EndGlobal
